
Microsoft Visual Studio Solution File, Format Version 12.00
# Visual Studio Version 16
VisualStudioVersion = 16.0.30517.126
MinimumVisualStudioVersion = 10.0.40219.1
Project("{FAE04EC0-301F-11D3-BF4B-00C04F79EFBC}") = "Lesson0106", "Lesson0106\Lesson0106.csproj", "{F97E0FFF-FA90-47A4-A657-F9C0D906DDCB}"
EndProject
Project("{FAE04EC0-301F-11D3-BF4B-00C04F79EFBC}") = "UnitTestProject1", "UnitTestProject1\UnitTestProject1.csproj", "{5317572F-8BAE-4999-8633-74A395182017}"
EndProject
Global
	GlobalSection(SolutionConfigurationPlatforms) = preSolution
		Debug|Any CPU = Debug|Any CPU
		Release|Any CPU = Release|Any CPU
	EndGlobalSection
	GlobalSection(ProjectConfigurationPlatforms) = postSolution
		{F97E0FFF-FA90-47A4-A657-F9C0D906DDCB}.Debug|Any CPU.ActiveCfg = Debug|Any CPU
		{F97E0FFF-FA90-47A4-A657-F9C0D906DDCB}.Debug|Any CPU.Build.0 = Debug|Any CPU
		{F97E0FFF-FA90-47A4-A657-F9C0D906DDCB}.Release|Any CPU.ActiveCfg = Release|Any CPU
		{F97E0FFF-FA90-47A4-A657-F9C0D906DDCB}.Release|Any CPU.Build.0 = Release|Any CPU
		{5317572F-8BAE-4999-8633-74A395182017}.Debug|Any CPU.ActiveCfg = Debug|Any CPU
		{5317572F-8BAE-4999-8633-74A395182017}.Debug|Any CPU.Build.0 = Debug|Any CPU
		{5317572F-8BAE-4999-8633-74A395182017}.Release|Any CPU.ActiveCfg = Release|Any CPU
		{5317572F-8BAE-4999-8633-74A395182017}.Release|Any CPU.Build.0 = Release|Any CPU
	EndGlobalSection
	GlobalSection(SolutionProperties) = preSolution
		HideSolutionNode = FALSE
	EndGlobalSection
	GlobalSection(ExtensibilityGlobals) = postSolution
		SolutionGuid = {F46219F8-793C-4128-ABB6-BE14F866C487}
	EndGlobalSection
EndGlobal
